
Microsoft Visual Studio Solution File, Format Version 12.00
# Visual Studio Version 16
VisualStudioVersion = 16.0.30611.23
MinimumVisualStudioVersion = 10.0.40219.1
Project("{FAE04EC0-301F-11D3-BF4B-00C04F79EFBC}") = "DockerSample1", "DockerSample1.csproj", "{03CFDF35-9F11-4B9C-9A89-00E479F18C8B}"
EndProject
Global
	GlobalSection(SolutionConfigurationPlatforms) = preSolution
		Debug|Any CPU = Debug|Any CPU
		Release|Any CPU = Release|Any CPU
	EndGlobalSection
	GlobalSection(ProjectConfigurationPlatforms) = postSolution
		{03CFDF35-9F11-4B9C-9A89-00E479F18C8B}.Debug|Any CPU.ActiveCfg = Release|Any CPU
		{03CFDF35-9F11-4B9C-9A89-00E479F18C8B}.Debug|Any CPU.Build.0 = Release|Any CPU
		{03CFDF35-9F11-4B9C-9A89-00E479F18C8B}.Release|Any CPU.ActiveCfg = Release|Any CPU
		{03CFDF35-9F11-4B9C-9A89-00E479F18C8B}.Release|Any CPU.Build.0 = Release|Any CPU
	EndGlobalSection
	GlobalSection(SolutionProperties) = preSolution
		HideSolutionNode = FALSE
	EndGlobalSection
	GlobalSection(ExtensibilityGlobals) = postSolution
		SolutionGuid = {2FEFD2D6-6939-418E-BF16-951AC6AD0217}
	EndGlobalSection
EndGlobal
